
Microsoft Visual Studio Solution File, Format Version 12.00
# Visual Studio Version 17
VisualStudioVersion = 17.5.002.0
MinimumVisualStudioVersion = 10.0.40219.1
Project("{2150E333-8FDC-42A3-9474-1A3956D46DE8}") = "csharp-prep", "csharp-prep", "{2A67BE26-A90B-4BA5-A6BB-06B3F8A765F9}"
EndProject
Project("{9A19103F-16F7-4668-BE54-9A1E7A4F7556}") = "Prep1", "csharp-prep\Prep1\Prep1.csproj", "{57AA610C-81DE-4379-AC3E-B417BD1F0FF4}"
EndProject
Project("{9A19103F-16F7-4668-BE54-9A1E7A4F7556}") = "Prep2", "csharp-prep\Prep2\Prep2.csproj", "{9BC87ADB-E36A-4313-889B-A03BA770AEEB}"
EndProject
Project("{9A19103F-16F7-4668-BE54-9A1E7A4F7556}") = "Prep3", "csharp-prep\Prep3\Prep3.csproj", "{FFE5A150-CACB-4823-952C-188BC46BD2F4}"
EndProject
Project("{9A19103F-16F7-4668-BE54-9A1E7A4F7556}") = "Prep4", "csharp-prep\Prep4\Prep4.csproj", "{AD877CF9-6DE2-4F5A-A9DE-F7268CAD9DC6}"
EndProject
Project("{9A19103F-16F7-4668-BE54-9A1E7A4F7556}") = "Prep5", "csharp-prep\Prep5\Prep5.csproj", "{9D9180D4-7F74-42AB-9083-127985370E0D}"
EndProject
Project("{2150E333-8FDC-42A3-9474-1A3956D46DE8}") = "final", "final", "{B7D064E2-EA47-480C-A574-156EC44EB6C3}"
EndProject
Project("{9A19103F-16F7-4668-BE54-9A1E7A4F7556}") = "FinalProject", "final\FinalProject\FinalProject.csproj", "{D29161EF-7B25-4C8C-B6E3-0CA1F55B7C2D}"
EndProject
Project("{9A19103F-16F7-4668-BE54-9A1E7A4F7556}") = "Foundation1", "final\Foundation1\Foundation1.csproj", "{618B7869-E23A-469E-B047-F81E713B0D80}"
EndProject
Project("{9A19103F-16F7-4668-BE54-9A1E7A4F7556}") = "Foundation2", "final\Foundation2\Foundation2.csproj", "{80FC1270-5C8B-47DB-9304-82477AEA5510}"
EndProject
Project("{9A19103F-16F7-4668-BE54-9A1E7A4F7556}") = "Foundation3", "final\Foundation3\Foundation3.csproj", "{1EB08CD9-5BFE-4528-A02E-48CC54F32621}"
EndProject
Project("{9A19103F-16F7-4668-BE54-9A1E7A4F7556}") = "Foundation4", "final\Foundation4\Foundation4.csproj", "{30D4E09B-F1E2-4B8A-A58C-1C824C0A99A3}"
EndProject
Project("{2150E333-8FDC-42A3-9474-1A3956D46DE8}") = "prepare", "prepare", "{691E202F-8605-43BA-9A08-A875C024CFF9}"
EndProject
Project("{9A19103F-16F7-4668-BE54-9A1E7A4F7556}") = "Learning02", "prepare\Learning02\Learning02.csproj", "{B747B5CF-6A18-4A21-B0B9-B7D00D70478D}"
EndProject
Project("{9A19103F-16F7-4668-BE54-9A1E7A4F7556}") = "Learning03", "prepare\Learning03\Learning03.csproj", "{A30214E9-64BF-4B6A-ACD6-AFF5D8113B64}"
EndProject
Project("{9A19103F-16F7-4668-BE54-9A1E7A4F7556}") = "Learning04", "prepare\Learning04\Learning04.csproj", "{401C7A92-2745-4D1B-92EF-221D557E4F4B}"
EndProject
Project("{9A19103F-16F7-4668-BE54-9A1E7A4F7556}") = "Learning05", "prepare\Learning05\Learning05.csproj", "{66321C7B-1D6B-4F99-BEF8-ED8EB0C8CE88}"
EndProject
Project("{2150E333-8FDC-42A3-9474-1A3956D46DE8}") = "prove", "prove", "{CB4B3F10-5390-49F8-BC5B-167D258B5049}"
EndProject
Project("{9A19103F-16F7-4668-BE54-9A1E7A4F7556}") = "Develop02", "prove\Develop02\Develop02.csproj", "{68A0B3E0-83F6-4B24-B7CF-6C5B8EECC664}"
EndProject
Project("{9A19103F-16F7-4668-BE54-9A1E7A4F7556}") = "Develop03", "prove\Develop03\Develop03.csproj", "{4CDB5CB3-4ECA-4362-A6E8-768FAA59AEE2}"
EndProject
Project("{9A19103F-16F7-4668-BE54-9A1E7A4F7556}") = "Develop04", "prove\Develop04\Develop04.csproj", "{D892A7CD-7323-48E8-A5E9-972702E8EE4D}"
EndProject
Project("{9A19103F-16F7-4668-BE54-9A1E7A4F7556}") = "Develop05", "prove\Develop05\Develop05.csproj", "{7CBF8E23-8A1B-4EF4-8B34-CFA639AC65B2}"
EndProject
Project("{2150E333-8FDC-42A3-9474-1A3956D46DE8}") = "sandbox", "sandbox", "{746308AD-84AB-441C-B762-1FA233E5922D}"
EndProject
Project("{9A19103F-16F7-4668-BE54-9A1E7A4F7556}") = "Sandbox", "sandbox\Sandbox\Sandbox.csproj", "{33527A34-9684-47B9-B7E5-EDD0CAF852D3}"
EndProject
Global
	GlobalSection(SolutionConfigurationPlatforms) = preSolution
		Debug|Any CPU = Debug|Any CPU
		Release|Any CPU = Release|Any CPU
	EndGlobalSection
	GlobalSection(ProjectConfigurationPlatforms) = postSolution
		{57AA610C-81DE-4379-AC3E-B417BD1F0FF4}.Debug|Any CPU.ActiveCfg = Debug|Any CPU
		{57AA610C-81DE-4379-AC3E-B417BD1F0FF4}.Debug|Any CPU.Build.0 = Debug|Any CPU
		{57AA610C-81DE-4379-AC3E-B417BD1F0FF4}.Release|Any CPU.ActiveCfg = Release|Any CPU
		{57AA610C-81DE-4379-AC3E-B417BD1F0FF4}.Release|Any CPU.Build.0 = Release|Any CPU
		{9BC87ADB-E36A-4313-889B-A03BA770AEEB}.Debug|Any CPU.ActiveCfg = Debug|Any CPU
		{9BC87ADB-E36A-4313-889B-A03BA770AEEB}.Debug|Any CPU.Build.0 = Debug|Any CPU
		{9BC87ADB-E36A-4313-889B-A03BA770AEEB}.Release|Any CPU.ActiveCfg = Release|Any CPU
		{9BC87ADB-E36A-4313-889B-A03BA770AEEB}.Release|Any CPU.Build.0 = Release|Any CPU
		{FFE5A150-CACB-4823-952C-188BC46BD2F4}.Debug|Any CPU.ActiveCfg = Debug|Any CPU
		{FFE5A150-CACB-4823-952C-188BC46BD2F4}.Debug|Any CPU.Build.0 = Debug|Any CPU
		{FFE5A150-CACB-4823-952C-188BC46BD2F4}.Release|Any CPU.ActiveCfg = Release|Any CPU
		{FFE5A150-CACB-4823-952C-188BC46BD2F4}.Release|Any CPU.Build.0 = Release|Any CPU
		{AD877CF9-6DE2-4F5A-A9DE-F7268CAD9DC6}.Debug|Any CPU.ActiveCfg = Debug|Any CPU
		{AD877CF9-6DE2-4F5A-A9DE-F7268CAD9DC6}.Debug|Any CPU.Build.0 = Debug|Any CPU
		{AD877CF9-6DE2-4F5A-A9DE-F7268CAD9DC6}.Release|Any CPU.ActiveCfg = Release|Any CPU
		{AD877CF9-6DE2-4F5A-A9DE-F7268CAD9DC6}.Release|Any CPU.Build.0 = Release|Any CPU
		{9D9180D4-7F74-42AB-9083-127985370E0D}.Debug|Any CPU.ActiveCfg = Debug|Any CPU
		{9D9180D4-7F74-42AB-9083-127985370E0D}.Debug|Any CPU.Build.0 = Debug|Any CPU
		{9D9180D4-7F74-42AB-9083-127985370E0D}.Release|Any CPU.ActiveCfg = Release|Any CPU
		{9D9180D4-7F74-42AB-9083-127985370E0D}.Release|Any CPU.Build.0 = Release|Any CPU
		{D29161EF-7B25-4C8C-B6E3-0CA1F55B7C2D}.Debug|Any CPU.ActiveCfg = Debug|Any CPU
		{D29161EF-7B25-4C8C-B6E3-0CA1F55B7C2D}.Debug|Any CPU.Build.0 = Debug|Any CPU
		{D29161EF-7B25-4C8C-B6E3-0CA1F55B7C2D}.Release|Any CPU.ActiveCfg = Release|Any CPU
		{D29161EF-7B25-4C8C-B6E3-0CA1F55B7C2D}.Release|Any CPU.Build.0 = Release|Any CPU
		{618B7869-E23A-469E-B047-F81E713B0D80}.Debug|Any CPU.ActiveCfg = Debug|Any CPU
		{618B7869-E23A-469E-B047-F81E713B0D80}.Debug|Any CPU.Build.0 = Debug|Any CPU
		{618B7869-E23A-469E-B047-F81E713B0D80}.Release|Any CPU.ActiveCfg = Release|Any CPU
		{618B7869-E23A-469E-B047-F81E713B0D80}.Release|Any CPU.Build.0 = Release|Any CPU
		{80FC1270-5C8B-47DB-9304-82477AEA5510}.Debug|Any CPU.ActiveCfg = Debug|Any CPU
		{80FC1270-5C8B-47DB-9304-82477AEA5510}.Debug|Any CPU.Build.0 = Debug|Any CPU
		{80FC1270-5C8B-47DB-9304-82477AEA5510}.Release|Any CPU.ActiveCfg = Release|Any CPU
		{80FC1270-5C8B-47DB-9304-82477AEA5510}.Release|Any CPU.Build.0 = Release|Any CPU
		{1EB08CD9-5BFE-4528-A02E-48CC54F32621}.Debug|Any CPU.ActiveCfg = Debug|Any CPU
		{1EB08CD9-5BFE-4528-A02E-48CC54F32621}.Debug|Any CPU.Build.0 = Debug|Any CPU
		{1EB08CD9-5BFE-4528-A02E-48CC54F32621}.Release|Any CPU.ActiveCfg = Release|Any CPU
		{1EB08CD9-5BFE-4528-A02E-48CC54F32621}.Release|Any CPU.Build.0 = Release|Any CPU
		{30D4E09B-F1E2-4B8A-A58C-1C824C0A99A3}.Debug|Any CPU.ActiveCfg = Debug|Any CPU
		{30D4E09B-F1E2-4B8A-A58C-1C824C0A99A3}.Debug|Any CPU.Build.0 = Debug|Any CPU
		{30D4E09B-F1E2-4B8A-A58C-1C824C0A99A3}.Release|Any CPU.ActiveCfg = Release|Any CPU
		{30D4E09B-F1E2-4B8A-A58C-1C824C0A99A3}.Release|Any CPU.Build.0 = Release|Any CPU
		{B747B5CF-6A18-4A21-B0B9-B7D00D70478D}.Debug|Any CPU.ActiveCfg = Debug|Any CPU
		{B747B5CF-6A18-4A21-B0B9-B7D00D70478D}.Debug|Any CPU.Build.0 = Debug|Any CPU
		{B747B5CF-6A18-4A21-B0B9-B7D00D70478D}.Release|Any CPU.ActiveCfg = Release|Any CPU
		{B747B5CF-6A18-4A21-B0B9-B7D00D70478D}.Release|Any CPU.Build.0 = Release|Any CPU
		{A30214E9-64BF-4B6A-ACD6-AFF5D8113B64}.Debug|Any CPU.ActiveCfg = Debug|Any CPU
		{A30214E9-64BF-4B6A-ACD6-AFF5D8113B64}.Debug|Any CPU.Build.0 = Debug|Any CPU
		{A30214E9-64BF-4B6A-ACD6-AFF5D8113B64}.Release|Any CPU.ActiveCfg = Release|Any CPU
		{A30214E9-64BF-4B6A-ACD6-AFF5D8113B64}.Release|Any CPU.Build.0 = Release|Any CPU
		{401C7A92-2745-4D1B-92EF-221D557E4F4B}.Debug|Any CPU.ActiveCfg = Debug|Any CPU
		{401C7A92-2745-4D1B-92EF-221D557E4F4B}.Debug|Any CPU.Build.0 = Debug|Any CPU
		{401C7A92-2745-4D1B-92EF-221D557E4F4B}.Release|Any CPU.ActiveCfg = Release|Any CPU
		{401C7A92-2745-4D1B-92EF-221D557E4F4B}.Release|Any CPU.Build.0 = Release|Any CPU
		{66321C7B-1D6B-4F99-BEF8-ED8EB0C8CE88}.Debug|Any CPU.ActiveCfg = Debug|Any CPU
		{66321C7B-1D6B-4F99-BEF8-ED8EB0C8CE88}.Debug|Any CPU.Build.0 = Debug|Any CPU
		{66321C7B-1D6B-4F99-BEF8-ED8EB0C8CE88}.Release|Any CPU.ActiveCfg = Release|Any CPU
		{66321C7B-1D6B-4F99-BEF8-ED8EB0C8CE88}.Release|Any CPU.Build.0 = Release|Any CPU
		{68A0B3E0-83F6-4B24-B7CF-6C5B8EECC664}.Debug|Any CPU.ActiveCfg = Debug|Any CPU
		{68A0B3E0-83F6-4B24-B7CF-6C5B8EECC664}.Debug|Any CPU.Build.0 = Debug|Any CPU
		{68A0B3E0-83F6-4B24-B7CF-6C5B8EECC664}.Release|Any CPU.ActiveCfg = Release|Any CPU
		{68A0B3E0-83F6-4B24-B7CF-6C5B8EECC664}.Release|Any CPU.Build.0 = Release|Any CPU
		{4CDB5CB3-4ECA-4362-A6E8-768FAA59AEE2}.Debug|Any CPU.ActiveCfg = Debug|Any CPU
		{4CDB5CB3-4ECA-4362-A6E8-768FAA59AEE2}.Debug|Any CPU.Build.0 = Debug|Any CPU
		{4CDB5CB3-4ECA-4362-A6E8-768FAA59AEE2}.Release|Any CPU.ActiveCfg = Release|Any CPU
		{4CDB5CB3-4ECA-4362-A6E8-768FAA59AEE2}.Release|Any CPU.Build.0 = Release|Any CPU
		{D892A7CD-7323-48E8-A5E9-972702E8EE4D}.Debug|Any CPU.ActiveCfg = Debug|Any CPU
		{D892A7CD-7323-48E8-A5E9-972702E8EE4D}.Debug|Any CPU.Build.0 = Debug|Any CPU
		{D892A7CD-7323-48E8-A5E9-972702E8EE4D}.Release|Any CPU.ActiveCfg = Release|Any CPU
		{D892A7CD-7323-48E8-A5E9-972702E8EE4D}.Release|Any CPU.Build.0 = Release|Any CPU
		{7CBF8E23-8A1B-4EF4-8B34-CFA639AC65B2}.Debug|Any CPU.ActiveCfg = Debug|Any CPU
		{7CBF8E23-8A1B-4EF4-8B34-CFA639AC65B2}.Debug|Any CPU.Build.0 = Debug|Any CPU
		{7CBF8E23-8A1B-4EF4-8B34-CFA639AC65B2}.Release|Any CPU.ActiveCfg = Release|Any CPU
		{7CBF8E23-8A1B-4EF4-8B34-CFA639AC65B2}.Release|Any CPU.Build.0 = Release|Any CPU
		{33527A34-9684-47B9-B7E5-EDD0CAF852D3}.Debug|Any CPU.ActiveCfg = Debug|Any CPU
		{33527A34-9684-47B9-B7E5-EDD0CAF852D3}.Debug|Any CPU.Build.0 = Debug|Any CPU
		{33527A34-9684-47B9-B7E5-EDD0CAF852D3}.Release|Any CPU.ActiveCfg = Release|Any CPU
		{33527A34-9684-47B9-B7E5-EDD0CAF852D3}.Release|Any CPU.Build.0 = Release|Any CPU
	EndGlobalSection
	GlobalSection(SolutionProperties) = preSolution
		HideSolutionNode = FALSE
	EndGlobalSection
	GlobalSection(NestedProjects) = preSolution
		{57AA610C-81DE-4379-AC3E-B417BD1F0FF4} = {2A67BE26-A90B-4BA5-A6BB-06B3F8A765F9}
		{9BC87ADB-E36A-4313-889B-A03BA770AEEB} = {2A67BE26-A90B-4BA5-A6BB-06B3F8A765F9}
		{FFE5A150-CACB-4823-952C-188BC46BD2F4} = {2A67BE26-A90B-4BA5-A6BB-06B3F8A765F9}
		{AD877CF9-6DE2-4F5A-A9DE-F7268CAD9DC6} = {2A67BE26-A90B-4BA5-A6BB-06B3F8A765F9}
		{9D9180D4-7F74-42AB-9083-127985370E0D} = {2A67BE26-A90B-4BA5-A6BB-06B3F8A765F9}
		{D29161EF-7B25-4C8C-B6E3-0CA1F55B7C2D} = {B7D064E2-EA47-480C-A574-156EC44EB6C3}
		{618B7869-E23A-469E-B047-F81E713B0D80} = {B7D064E2-EA47-480C-A574-156EC44EB6C3}
		{80FC1270-5C8B-47DB-9304-82477AEA5510} = {B7D064E2-EA47-480C-A574-156EC44EB6C3}
		{1EB08CD9-5BFE-4528-A02E-48CC54F32621} = {B7D064E2-EA47-480C-A574-156EC44EB6C3}
		{30D4E09B-F1E2-4B8A-A58C-1C824C0A99A3} = {B7D064E2-EA47-480C-A574-156EC44EB6C3}
		{B747B5CF-6A18-4A21-B0B9-B7D00D70478D} = {691E202F-8605-43BA-9A08-A875C024CFF9}
		{A30214E9-64BF-4B6A-ACD6-AFF5D8113B64} = {691E202F-8605-43BA-9A08-A875C024CFF9}
		{401C7A92-2745-4D1B-92EF-221D557E4F4B} = {691E202F-8605-43BA-9A08-A875C024CFF9}
		{66321C7B-1D6B-4F99-BEF8-ED8EB0C8CE88} = {691E202F-8605-43BA-9A08-A875C024CFF9}
		{68A0B3E0-83F6-4B24-B7CF-6C5B8EECC664} = {CB4B3F10-5390-49F8-BC5B-167D258B5049}
		{4CDB5CB3-4ECA-4362-A6E8-768FAA59AEE2} = {CB4B3F10-5390-49F8-BC5B-167D258B5049}
		{D892A7CD-7323-48E8-A5E9-972702E8EE4D} = {CB4B3F10-5390-49F8-BC5B-167D258B5049}
		{7CBF8E23-8A1B-4EF4-8B34-CFA639AC65B2} = {CB4B3F10-5390-49F8-BC5B-167D258B5049}
		{33527A34-9684-47B9-B7E5-EDD0CAF852D3} = {746308AD-84AB-441C-B762-1FA233E5922D}
	EndGlobalSection
	GlobalSection(ExtensibilityGlobals) = postSolution
		SolutionGuid = {7290B0F8-D9F2-4C5C-8F84-DBC117AE28F3}
	EndGlobalSection
EndGlobal
